
Microsoft Visual Studio Solution File, Format Version 12.00
# Visual Studio Version 16
VisualStudioVersion = 16.0.30523.141
MinimumVisualStudioVersion = 10.0.40219.1
Project("{FAE04EC0-301F-11D3-BF4B-00C04F79EFBC}") = "Sandu_AnaAlexandra_Lab2", "Sandu_AnaAlexandra_Lab2.csproj", "{063E8B9E-DF7D-4BD3-B5F5-5BA626CD026E}"
EndProject
Global
	GlobalSection(SolutionConfigurationPlatforms) = preSolution
		Debug|Any CPU = Debug|Any CPU
		Release|Any CPU = Release|Any CPU
	EndGlobalSection
	GlobalSection(ProjectConfigurationPlatforms) = postSolution
		{063E8B9E-DF7D-4BD3-B5F5-5BA626CD026E}.Debug|Any CPU.ActiveCfg = Debug|Any CPU
		{063E8B9E-DF7D-4BD3-B5F5-5BA626CD026E}.Debug|Any CPU.Build.0 = Debug|Any CPU
		{063E8B9E-DF7D-4BD3-B5F5-5BA626CD026E}.Release|Any CPU.ActiveCfg = Release|Any CPU
		{063E8B9E-DF7D-4BD3-B5F5-5BA626CD026E}.Release|Any CPU.Build.0 = Release|Any CPU
	EndGlobalSection
	GlobalSection(SolutionProperties) = preSolution
		HideSolutionNode = FALSE
	EndGlobalSection
	GlobalSection(ExtensibilityGlobals) = postSolution
		SolutionGuid = {82A9E779-0424-4D6C-89A5-03F1A871270D}
	EndGlobalSection
EndGlobal
